
Microsoft Visual Studio Solution File, Format Version 12.00
# Visual Studio Version 17
VisualStudioVersion = 17.11.35222.181
MinimumVisualStudioVersion = 10.0.40219.1
Project("{FAE04EC0-301F-11D3-BF4B-00C04F79EFBC}") = "TyNhanLongKhoi_GUI", "..\TyNhanLongKhoi_GUI\TyNhanLongKhoi_GUI.csproj", "{394B93B7-5FDC-4F0C-9EE5-E22F62077F06}"
EndProject
Project("{FAE04EC0-301F-11D3-BF4B-00C04F79EFBC}") = "TyNhanLongKhoi_BUS", "..\TyNhanLongKhoi_BUS\TyNhanLongKhoi_BUS.csproj", "{EC50C31C-CB34-4ED5-A46D-3D3937D8AA46}"
EndProject
Project("{FAE04EC0-301F-11D3-BF4B-00C04F79EFBC}") = "TyNhanLongKhoi_DAL", "..\TyNhanLongKhoi_DAL\TyNhanLongKhoi_DAL.csproj", "{83014C55-9F56-4FE2-AB0F-721146D0B90D}"
EndProject
Global
	GlobalSection(SolutionConfigurationPlatforms) = preSolution
		Debug|Any CPU = Debug|Any CPU
		Release|Any CPU = Release|Any CPU
	EndGlobalSection
	GlobalSection(ProjectConfigurationPlatforms) = postSolution
		{394B93B7-5FDC-4F0C-9EE5-E22F62077F06}.Debug|Any CPU.ActiveCfg = Debug|Any CPU
		{394B93B7-5FDC-4F0C-9EE5-E22F62077F06}.Debug|Any CPU.Build.0 = Debug|Any CPU
		{394B93B7-5FDC-4F0C-9EE5-E22F62077F06}.Release|Any CPU.ActiveCfg = Release|Any CPU
		{394B93B7-5FDC-4F0C-9EE5-E22F62077F06}.Release|Any CPU.Build.0 = Release|Any CPU
		{EC50C31C-CB34-4ED5-A46D-3D3937D8AA46}.Debug|Any CPU.ActiveCfg = Debug|Any CPU
		{EC50C31C-CB34-4ED5-A46D-3D3937D8AA46}.Debug|Any CPU.Build.0 = Debug|Any CPU
		{EC50C31C-CB34-4ED5-A46D-3D3937D8AA46}.Release|Any CPU.ActiveCfg = Release|Any CPU
		{EC50C31C-CB34-4ED5-A46D-3D3937D8AA46}.Release|Any CPU.Build.0 = Release|Any CPU
		{83014C55-9F56-4FE2-AB0F-721146D0B90D}.Debug|Any CPU.ActiveCfg = Debug|Any CPU
		{83014C55-9F56-4FE2-AB0F-721146D0B90D}.Debug|Any CPU.Build.0 = Debug|Any CPU
		{83014C55-9F56-4FE2-AB0F-721146D0B90D}.Release|Any CPU.ActiveCfg = Release|Any CPU
		{83014C55-9F56-4FE2-AB0F-721146D0B90D}.Release|Any CPU.Build.0 = Release|Any CPU
	EndGlobalSection
	GlobalSection(SolutionProperties) = preSolution
		HideSolutionNode = FALSE
	EndGlobalSection
	GlobalSection(ExtensibilityGlobals) = postSolution
		SolutionGuid = {54EEC946-F9BD-468C-9ACD-A6D116D3A507}
	EndGlobalSection
EndGlobal
